<Solution>
    <Folder Name="/labs/" />
    <Folder Name="/labs/01-uml/">
        <Project Path="labs/01-uml/CS1302.Lab01.Uml/CS1302.Lab01.Uml.csproj" />
    </Folder>
    <Folder Name="/labs/02-arrays-1d/">
        <Project Path="labs/02-arrays-1d/CS1302.Lab02.Arrays1D/CS1302.Lab02.Arrays1D.csproj" />
    </Folder>
    <Folder Name="/labs/03-arrays-2d/">
        <Project Path="labs/03-arrays-2d/CS1302.Lab03.Arrays2D/CS1302.Lab03.Arrays2D.csproj" />
    </Folder>
    <Folder Name="/labs/04-properties-exceptions/">
        <Project Path="labs/04-properties-exceptions/CS1302.Lab04.PropertiesExceptions/CS1302.Lab04.PropertiesExceptions.csproj" />
    </Folder>
    <Folder Name="/labs/05-static-members/">
        <Project Path="labs/05-static-members/CS1302.Lab05.StaticMembers/CS1302.Lab05.StaticMembers.csproj" />
    </Folder>
    <Folder Name="/labs/06-inheritance/">
        <Project Path="labs/06-inheritance/CS1302.Lab06.Inheritance/CS1302.Lab06.Inheritance.csproj" />
    </Folder>
    <Folder Name="/labs/07-polymorphism/">
        <Project Path="labs/07-polymorphism/CS1302.Lab07.Polymorphism/CS1302.Lab07.Polymorphism.csproj" />
    </Folder>
    <Folder Name="/labs/08-abstract-classes/">
        <Project Path="labs/08-abstract-classes/CS1302.Lab08.AbstractClasses/CS1302.Lab08.AbstractClasses.csproj" />
    </Folder>
    <Folder Name="/labs/09-interfaces/">
        <Project Path="labs/09-interfaces/CS1302.Lab09.Interfaces/CS1302.Lab09.Interfaces.csproj" />
    </Folder>
    <Folder Name="/labs/10-generics/">
        <Project Path="labs/10-generics/CS1302.Lab10.Generics/CS1302.Lab10.Generics.csproj" />
    </Folder>
    <Folder Name="/labs/11-custom-lists/">
        <Project Path="labs/11-custom-lists/CS1302.Lab11.CustomLists/CS1302.Lab11.CustomLists.csproj" />
    </Folder>
    <Folder Name="/labs/12-stacks-queues/">
        <Project Path="labs/12-stacks-queues/CS1302.Lab12.StacksQueues/CS1302.Lab12.StacksQueues.csproj" />
    </Folder>
    <Folder Name="/labs/13-trees/">
        <Project Path="labs/13-trees/CS1302.Lab13.Trees/CS1302.Lab13.Trees.csproj" />
    </Folder>
    <Folder Name="/labs/14-dictionaries/">
        <Project Path="labs/14-dictionaries/CS1302.Lab14.Dictionaries/CS1302.Lab14.Dictionaries.csproj" />
    </Folder>
    <Folder Name="/labs/15-sorting/">
        <Project Path="labs/15-sorting/CS1302.Lab15.Sorting/CS1302.Lab15.Sorting.csproj" />
    </Folder>
    <Folder Name="/labs/16-file-io/">
        <Project Path="labs/16-file-io/CS1302.Lab16.FileIO/CS1302.Lab16.FileIO.csproj" />
    </Folder>
    <Folder Name="/labs/17-exceptions/">
        <Project Path="labs/17-exceptions/CS1302.Lab17.Exceptions/CS1302.Lab17.Exceptions.csproj" />
    </Folder>
    <Folder Name="/labs/18-references/">
        <Project Path="labs/18-references/CS1302.Lab18.References/CS1302.Lab18.References.csproj" />
    </Folder>
    <Folder Name="/labs/19-random-overflow/">
        <Project Path="labs/19-random-overflow/CS1302.Lab19.RandomOverflow/CS1302.Lab19.RandomOverflow.csproj" />
    </Folder>
    <Folder Name="/shared/">
        <Project Path="shared/CS1302.Common/CS1302.Common.csproj" />
    </Folder>
    <Project Path="../tests/CS1302.Labs.Tests/CS1302.Labs.Tests.csproj" />
</Solution>
